
Microsoft Visual Studio Solution File, Format Version 12.00
# Visual Studio Version 16
VisualStudioVersion = 16.0.31105.61
MinimumVisualStudioVersion = 10.0.40219.1
Project("{FAE04EC0-301F-11D3-BF4B-00C04F79EFBC}") = "Stealer", "Stealer\Stealer.csproj", "{E3D226B1-C871-44A1-9225-BB2FFD8D5FB5}"
EndProject
Global
	GlobalSection(SolutionConfigurationPlatforms) = preSolution
		Debug|Any CPU = Debug|Any CPU
		Release|Any CPU = Release|Any CPU
	EndGlobalSection
	GlobalSection(ProjectConfigurationPlatforms) = postSolution
		{E3D226B1-C871-44A1-9225-BB2FFD8D5FB5}.Debug|Any CPU.ActiveCfg = Debug|Any CPU
		{E3D226B1-C871-44A1-9225-BB2FFD8D5FB5}.Debug|Any CPU.Build.0 = Debug|Any CPU
		{E3D226B1-C871-44A1-9225-BB2FFD8D5FB5}.Release|Any CPU.ActiveCfg = Release|Any CPU
		{E3D226B1-C871-44A1-9225-BB2FFD8D5FB5}.Release|Any CPU.Build.0 = Release|Any CPU
	EndGlobalSection
	GlobalSection(SolutionProperties) = preSolution
		HideSolutionNode = FALSE
	EndGlobalSection
	GlobalSection(ExtensibilityGlobals) = postSolution
		SolutionGuid = {852B23CB-6AEA-4460-9E2D-47D810081320}
	EndGlobalSection
EndGlobal
