
Microsoft Visual Studio Solution File, Format Version 12.00
# Visual Studio Version 16
VisualStudioVersion = 16.0.31025.194
MinimumVisualStudioVersion = 10.0.40219.1
Project("{FAE04EC0-301F-11D3-BF4B-00C04F79EFBC}") = "Shapes", "Shapes\Shapes.csproj", "{F25D15BA-45D9-474C-A797-857D5FB9F03C}"
EndProject
Global
	GlobalSection(SolutionConfigurationPlatforms) = preSolution
		Debug|Any CPU = Debug|Any CPU
		Release|Any CPU = Release|Any CPU
	EndGlobalSection
	GlobalSection(ProjectConfigurationPlatforms) = postSolution
		{F25D15BA-45D9-474C-A797-857D5FB9F03C}.Debug|Any CPU.ActiveCfg = Debug|Any CPU
		{F25D15BA-45D9-474C-A797-857D5FB9F03C}.Debug|Any CPU.Build.0 = Debug|Any CPU
		{F25D15BA-45D9-474C-A797-857D5FB9F03C}.Release|Any CPU.ActiveCfg = Release|Any CPU
		{F25D15BA-45D9-474C-A797-857D5FB9F03C}.Release|Any CPU.Build.0 = Release|Any CPU
	EndGlobalSection
	GlobalSection(SolutionProperties) = preSolution
		HideSolutionNode = FALSE
	EndGlobalSection
	GlobalSection(ExtensibilityGlobals) = postSolution
		SolutionGuid = {72136CF9-6153-4783-B032-1148983DF39E}
	EndGlobalSection
EndGlobal
