
Microsoft Visual Studio Solution File, Format Version 12.00
# Visual Studio Version 16
VisualStudioVersion = 16.0.31025.194
MinimumVisualStudioVersion = 10.0.40219.1
Project("{9A19103F-16F7-4668-BE54-9A1E7A4F7556}") = "Shapes", "Shapes\Shapes.csproj", "{F25D15BA-45D9-474C-A797-857D5FB9F03C}"
EndProject
Project("{9A19103F-16F7-4668-BE54-9A1E7A4F7556}") = "Cars", "Cars\Cars.csproj", "{0D6D4F33-E6CC-444C-9AEF-64929CC9E1C3}"
EndProject
Project("{9A19103F-16F7-4668-BE54-9A1E7A4F7556}") = "DefineAnInterfaceIPerson", "DefineAnInterfaceIPerson\DefineAnInterfaceIPerson.csproj", "{FB846E8E-F20D-43EB-8296-5803DE2F0A64}"
EndProject
Project("{9A19103F-16F7-4668-BE54-9A1E7A4F7556}") = "MultipleImplementation", "MultipleImplementation\MultipleImplementation.csproj", "{806C5F8C-8CB1-4C98-84D2-E5453E24420D}"
EndProject
Project("{9A19103F-16F7-4668-BE54-9A1E7A4F7556}") = "Telephony", "Telephony\Telephony.csproj", "{C8A6D031-5E89-4960-848B-7CB6154DB2A2}"
EndProject
Project("{9A19103F-16F7-4668-BE54-9A1E7A4F7556}") = "BorderControl", "BorderControl\BorderControl.csproj", "{248FF257-1188-4FF8-A94C-D1C77ADF6799}"
EndProject
Project("{FAE04EC0-301F-11D3-BF4B-00C04F79EFBC}") = "BirthdayCelebrations", "BirthdayCelebrations\BirthdayCelebrations.csproj", "{C4AA0386-3235-443D-AE2E-B15B44FB9277}"
EndProject
Project("{FAE04EC0-301F-11D3-BF4B-00C04F79EFBC}") = "FoodShortage", "FoodShortage\FoodShortage.csproj", "{86F0E76A-9E2E-454C-85B0-4ACBE3A22134}"
EndProject
Global
	GlobalSection(SolutionConfigurationPlatforms) = preSolution
		Debug|Any CPU = Debug|Any CPU
		Release|Any CPU = Release|Any CPU
	EndGlobalSection
	GlobalSection(ProjectConfigurationPlatforms) = postSolution
		{F25D15BA-45D9-474C-A797-857D5FB9F03C}.Debug|Any CPU.ActiveCfg = Debug|Any CPU
		{F25D15BA-45D9-474C-A797-857D5FB9F03C}.Debug|Any CPU.Build.0 = Debug|Any CPU
		{F25D15BA-45D9-474C-A797-857D5FB9F03C}.Release|Any CPU.ActiveCfg = Release|Any CPU
		{F25D15BA-45D9-474C-A797-857D5FB9F03C}.Release|Any CPU.Build.0 = Release|Any CPU
		{0D6D4F33-E6CC-444C-9AEF-64929CC9E1C3}.Debug|Any CPU.ActiveCfg = Debug|Any CPU
		{0D6D4F33-E6CC-444C-9AEF-64929CC9E1C3}.Debug|Any CPU.Build.0 = Debug|Any CPU
		{0D6D4F33-E6CC-444C-9AEF-64929CC9E1C3}.Release|Any CPU.ActiveCfg = Release|Any CPU
		{0D6D4F33-E6CC-444C-9AEF-64929CC9E1C3}.Release|Any CPU.Build.0 = Release|Any CPU
		{FB846E8E-F20D-43EB-8296-5803DE2F0A64}.Debug|Any CPU.ActiveCfg = Debug|Any CPU
		{FB846E8E-F20D-43EB-8296-5803DE2F0A64}.Debug|Any CPU.Build.0 = Debug|Any CPU
		{FB846E8E-F20D-43EB-8296-5803DE2F0A64}.Release|Any CPU.ActiveCfg = Release|Any CPU
		{FB846E8E-F20D-43EB-8296-5803DE2F0A64}.Release|Any CPU.Build.0 = Release|Any CPU
		{806C5F8C-8CB1-4C98-84D2-E5453E24420D}.Debug|Any CPU.ActiveCfg = Debug|Any CPU
		{806C5F8C-8CB1-4C98-84D2-E5453E24420D}.Debug|Any CPU.Build.0 = Debug|Any CPU
		{806C5F8C-8CB1-4C98-84D2-E5453E24420D}.Release|Any CPU.ActiveCfg = Release|Any CPU
		{806C5F8C-8CB1-4C98-84D2-E5453E24420D}.Release|Any CPU.Build.0 = Release|Any CPU
		{C8A6D031-5E89-4960-848B-7CB6154DB2A2}.Debug|Any CPU.ActiveCfg = Debug|Any CPU
		{C8A6D031-5E89-4960-848B-7CB6154DB2A2}.Debug|Any CPU.Build.0 = Debug|Any CPU
		{C8A6D031-5E89-4960-848B-7CB6154DB2A2}.Release|Any CPU.ActiveCfg = Release|Any CPU
		{C8A6D031-5E89-4960-848B-7CB6154DB2A2}.Release|Any CPU.Build.0 = Release|Any CPU
		{248FF257-1188-4FF8-A94C-D1C77ADF6799}.Debug|Any CPU.ActiveCfg = Debug|Any CPU
		{248FF257-1188-4FF8-A94C-D1C77ADF6799}.Debug|Any CPU.Build.0 = Debug|Any CPU
		{248FF257-1188-4FF8-A94C-D1C77ADF6799}.Release|Any CPU.ActiveCfg = Release|Any CPU
		{248FF257-1188-4FF8-A94C-D1C77ADF6799}.Release|Any CPU.Build.0 = Release|Any CPU
		{C4AA0386-3235-443D-AE2E-B15B44FB9277}.Debug|Any CPU.ActiveCfg = Debug|Any CPU
		{C4AA0386-3235-443D-AE2E-B15B44FB9277}.Debug|Any CPU.Build.0 = Debug|Any CPU
		{C4AA0386-3235-443D-AE2E-B15B44FB9277}.Release|Any CPU.ActiveCfg = Release|Any CPU
		{C4AA0386-3235-443D-AE2E-B15B44FB9277}.Release|Any CPU.Build.0 = Release|Any CPU
		{86F0E76A-9E2E-454C-85B0-4ACBE3A22134}.Debug|Any CPU.ActiveCfg = Debug|Any CPU
		{86F0E76A-9E2E-454C-85B0-4ACBE3A22134}.Debug|Any CPU.Build.0 = Debug|Any CPU
		{86F0E76A-9E2E-454C-85B0-4ACBE3A22134}.Release|Any CPU.ActiveCfg = Release|Any CPU
		{86F0E76A-9E2E-454C-85B0-4ACBE3A22134}.Release|Any CPU.Build.0 = Release|Any CPU
	EndGlobalSection
	GlobalSection(SolutionProperties) = preSolution
		HideSolutionNode = FALSE
	EndGlobalSection
	GlobalSection(ExtensibilityGlobals) = postSolution
		SolutionGuid = {72136CF9-6153-4783-B032-1148983DF39E}
	EndGlobalSection
EndGlobal
