
Microsoft Visual Studio Solution File, Format Version 12.00
# Visual Studio Version 16
VisualStudioVersion = 16.0.31025.194
MinimumVisualStudioVersion = 10.0.40219.1
Project("{9A19103F-16F7-4668-BE54-9A1E7A4F7556}") = "SortPersonsByNameAndAge", "SortPersonsByNameAndAge\SortPersonsByNameAndAge.csproj", "{2F8DDA2D-809D-4B86-A483-391B03DECE57}"
EndProject
Project("{9A19103F-16F7-4668-BE54-9A1E7A4F7556}") = "SalaryIncrease", "Salary Increase\SalaryIncrease.csproj", "{F6F1BF08-6467-4B64-9D74-2A3355720F4F}"
EndProject
Project("{9A19103F-16F7-4668-BE54-9A1E7A4F7556}") = "ValidationOfData", "ValidationOfData\ValidationOfData.csproj", "{5B9A8269-102F-4E14-B686-33A9348793A8}"
EndProject
Project("{9A19103F-16F7-4668-BE54-9A1E7A4F7556}") = "FirstAndReserveTeam", "FirstAndReserveTeam\FirstAndReserveTeam.csproj", "{76DD5D07-711E-4D95-B783-BC81379B1F83}"
EndProject
Project("{9A19103F-16F7-4668-BE54-9A1E7A4F7556}") = "ClassBoxData", "ClassBoxData\ClassBoxData.csproj", "{A4947111-DF77-4995-8C38-BB333094B138}"
EndProject
Project("{FAE04EC0-301F-11D3-BF4B-00C04F79EFBC}") = "AnimalFarm", "AnimalFarm\AnimalFarm.csproj", "{814F9509-A485-4F98-8AF1-DF8C99A57120}"
EndProject
Global
	GlobalSection(SolutionConfigurationPlatforms) = preSolution
		Debug|Any CPU = Debug|Any CPU
		Release|Any CPU = Release|Any CPU
	EndGlobalSection
	GlobalSection(ProjectConfigurationPlatforms) = postSolution
		{2F8DDA2D-809D-4B86-A483-391B03DECE57}.Debug|Any CPU.ActiveCfg = Debug|Any CPU
		{2F8DDA2D-809D-4B86-A483-391B03DECE57}.Debug|Any CPU.Build.0 = Debug|Any CPU
		{2F8DDA2D-809D-4B86-A483-391B03DECE57}.Release|Any CPU.ActiveCfg = Release|Any CPU
		{2F8DDA2D-809D-4B86-A483-391B03DECE57}.Release|Any CPU.Build.0 = Release|Any CPU
		{F6F1BF08-6467-4B64-9D74-2A3355720F4F}.Debug|Any CPU.ActiveCfg = Debug|Any CPU
		{F6F1BF08-6467-4B64-9D74-2A3355720F4F}.Debug|Any CPU.Build.0 = Debug|Any CPU
		{F6F1BF08-6467-4B64-9D74-2A3355720F4F}.Release|Any CPU.ActiveCfg = Release|Any CPU
		{F6F1BF08-6467-4B64-9D74-2A3355720F4F}.Release|Any CPU.Build.0 = Release|Any CPU
		{5B9A8269-102F-4E14-B686-33A9348793A8}.Debug|Any CPU.ActiveCfg = Debug|Any CPU
		{5B9A8269-102F-4E14-B686-33A9348793A8}.Debug|Any CPU.Build.0 = Debug|Any CPU
		{5B9A8269-102F-4E14-B686-33A9348793A8}.Release|Any CPU.ActiveCfg = Release|Any CPU
		{5B9A8269-102F-4E14-B686-33A9348793A8}.Release|Any CPU.Build.0 = Release|Any CPU
		{76DD5D07-711E-4D95-B783-BC81379B1F83}.Debug|Any CPU.ActiveCfg = Debug|Any CPU
		{76DD5D07-711E-4D95-B783-BC81379B1F83}.Debug|Any CPU.Build.0 = Debug|Any CPU
		{76DD5D07-711E-4D95-B783-BC81379B1F83}.Release|Any CPU.ActiveCfg = Release|Any CPU
		{76DD5D07-711E-4D95-B783-BC81379B1F83}.Release|Any CPU.Build.0 = Release|Any CPU
		{A4947111-DF77-4995-8C38-BB333094B138}.Debug|Any CPU.ActiveCfg = Debug|Any CPU
		{A4947111-DF77-4995-8C38-BB333094B138}.Debug|Any CPU.Build.0 = Debug|Any CPU
		{A4947111-DF77-4995-8C38-BB333094B138}.Release|Any CPU.ActiveCfg = Release|Any CPU
		{A4947111-DF77-4995-8C38-BB333094B138}.Release|Any CPU.Build.0 = Release|Any CPU
		{814F9509-A485-4F98-8AF1-DF8C99A57120}.Debug|Any CPU.ActiveCfg = Debug|Any CPU
		{814F9509-A485-4F98-8AF1-DF8C99A57120}.Debug|Any CPU.Build.0 = Debug|Any CPU
		{814F9509-A485-4F98-8AF1-DF8C99A57120}.Release|Any CPU.ActiveCfg = Release|Any CPU
		{814F9509-A485-4F98-8AF1-DF8C99A57120}.Release|Any CPU.Build.0 = Release|Any CPU
	EndGlobalSection
	GlobalSection(SolutionProperties) = preSolution
		HideSolutionNode = FALSE
	EndGlobalSection
	GlobalSection(ExtensibilityGlobals) = postSolution
		SolutionGuid = {99365D05-AD30-4DB8-9666-3FCE536745CB}
	EndGlobalSection
EndGlobal
