
Microsoft Visual Studio Solution File, Format Version 12.00
Project("{FAE04EC0-301F-11D3-BF4B-00C04F79EFBC}") = "ReverseStrings", "ReverseStrings\ReverseStrings.csproj", "{76A95D37-F806-419B-9563-CDAB2565C2E6}"
EndProject
Project("{FAE04EC0-301F-11D3-BF4B-00C04F79EFBC}") = "StackSum", "StackSum\StackSum.csproj", "{16EAF10F-3842-4A31-944B-51252EB38A60}"
EndProject
Project("{FAE04EC0-301F-11D3-BF4B-00C04F79EFBC}") = "SimpleCalculator", "SimpleCalculator\SimpleCalculator.csproj", "{F7B733EE-6A2E-481C-B054-59161867CEAD}"
EndProject
Project("{FAE04EC0-301F-11D3-BF4B-00C04F79EFBC}") = "MatchingBrackets", "MatchingBrackets\MatchingBrackets.csproj", "{F9F14F5D-DAC1-40AB-B32C-CC5D479BA626}"
EndProject
Project("{FAE04EC0-301F-11D3-BF4B-00C04F79EFBC}") = "PrintEvenNumbers", "PrintEvenNumbers\PrintEvenNumbers.csproj", "{24CBC390-8138-4248-BA35-E6ACE43F61C5}"
EndProject
Project("{FAE04EC0-301F-11D3-BF4B-00C04F79EFBC}") = "Supermarket", "Supermarket\Supermarket.csproj", "{F7581596-7332-4739-89ED-5289C117181F}"
EndProject
Project("{FAE04EC0-301F-11D3-BF4B-00C04F79EFBC}") = "HotPotato", "HotPotato\HotPotato.csproj", "{FCAB4C82-FFA3-4339-893B-09BEB7175DB5}"
EndProject
Project("{FAE04EC0-301F-11D3-BF4B-00C04F79EFBC}") = "TrafficJam", "TrafficJam\TrafficJam.csproj", "{44E2F44F-7A6A-43E1-9FFC-664A64DB5356}"
EndProject
Global
	GlobalSection(SolutionConfigurationPlatforms) = preSolution
		Debug|Any CPU = Debug|Any CPU
		Release|Any CPU = Release|Any CPU
	EndGlobalSection
	GlobalSection(ProjectConfigurationPlatforms) = postSolution
		{76A95D37-F806-419B-9563-CDAB2565C2E6}.Debug|Any CPU.ActiveCfg = Debug|Any CPU
		{76A95D37-F806-419B-9563-CDAB2565C2E6}.Debug|Any CPU.Build.0 = Debug|Any CPU
		{76A95D37-F806-419B-9563-CDAB2565C2E6}.Release|Any CPU.ActiveCfg = Release|Any CPU
		{76A95D37-F806-419B-9563-CDAB2565C2E6}.Release|Any CPU.Build.0 = Release|Any CPU
		{16EAF10F-3842-4A31-944B-51252EB38A60}.Debug|Any CPU.ActiveCfg = Debug|Any CPU
		{16EAF10F-3842-4A31-944B-51252EB38A60}.Debug|Any CPU.Build.0 = Debug|Any CPU
		{16EAF10F-3842-4A31-944B-51252EB38A60}.Release|Any CPU.ActiveCfg = Release|Any CPU
		{16EAF10F-3842-4A31-944B-51252EB38A60}.Release|Any CPU.Build.0 = Release|Any CPU
		{F7B733EE-6A2E-481C-B054-59161867CEAD}.Debug|Any CPU.ActiveCfg = Debug|Any CPU
		{F7B733EE-6A2E-481C-B054-59161867CEAD}.Debug|Any CPU.Build.0 = Debug|Any CPU
		{F7B733EE-6A2E-481C-B054-59161867CEAD}.Release|Any CPU.ActiveCfg = Release|Any CPU
		{F7B733EE-6A2E-481C-B054-59161867CEAD}.Release|Any CPU.Build.0 = Release|Any CPU
		{F9F14F5D-DAC1-40AB-B32C-CC5D479BA626}.Debug|Any CPU.ActiveCfg = Debug|Any CPU
		{F9F14F5D-DAC1-40AB-B32C-CC5D479BA626}.Debug|Any CPU.Build.0 = Debug|Any CPU
		{F9F14F5D-DAC1-40AB-B32C-CC5D479BA626}.Release|Any CPU.ActiveCfg = Release|Any CPU
		{F9F14F5D-DAC1-40AB-B32C-CC5D479BA626}.Release|Any CPU.Build.0 = Release|Any CPU
		{24CBC390-8138-4248-BA35-E6ACE43F61C5}.Debug|Any CPU.ActiveCfg = Debug|Any CPU
		{24CBC390-8138-4248-BA35-E6ACE43F61C5}.Debug|Any CPU.Build.0 = Debug|Any CPU
		{24CBC390-8138-4248-BA35-E6ACE43F61C5}.Release|Any CPU.ActiveCfg = Release|Any CPU
		{24CBC390-8138-4248-BA35-E6ACE43F61C5}.Release|Any CPU.Build.0 = Release|Any CPU
		{F7581596-7332-4739-89ED-5289C117181F}.Debug|Any CPU.ActiveCfg = Debug|Any CPU
		{F7581596-7332-4739-89ED-5289C117181F}.Debug|Any CPU.Build.0 = Debug|Any CPU
		{F7581596-7332-4739-89ED-5289C117181F}.Release|Any CPU.ActiveCfg = Release|Any CPU
		{F7581596-7332-4739-89ED-5289C117181F}.Release|Any CPU.Build.0 = Release|Any CPU
		{FCAB4C82-FFA3-4339-893B-09BEB7175DB5}.Debug|Any CPU.ActiveCfg = Debug|Any CPU
		{FCAB4C82-FFA3-4339-893B-09BEB7175DB5}.Debug|Any CPU.Build.0 = Debug|Any CPU
		{FCAB4C82-FFA3-4339-893B-09BEB7175DB5}.Release|Any CPU.ActiveCfg = Release|Any CPU
		{FCAB4C82-FFA3-4339-893B-09BEB7175DB5}.Release|Any CPU.Build.0 = Release|Any CPU
		{44E2F44F-7A6A-43E1-9FFC-664A64DB5356}.Debug|Any CPU.ActiveCfg = Debug|Any CPU
		{44E2F44F-7A6A-43E1-9FFC-664A64DB5356}.Debug|Any CPU.Build.0 = Debug|Any CPU
		{44E2F44F-7A6A-43E1-9FFC-664A64DB5356}.Release|Any CPU.ActiveCfg = Release|Any CPU
		{44E2F44F-7A6A-43E1-9FFC-664A64DB5356}.Release|Any CPU.Build.0 = Release|Any CPU
	EndGlobalSection
EndGlobal
