
Microsoft Visual Studio Solution File, Format Version 12.00
Project("{FAE04EC0-301F-11D3-BF4B-00C04F79EFBC}") = "FirstProblem", "FirstProblem\FirstProblem.csproj", "{65B5ECD6-4B90-4571-9C52-112423D18987}"
EndProject
Project("{FAE04EC0-301F-11D3-BF4B-00C04F79EFBC}") = "SecondProblem", "SecondProblem\SecondProblem.csproj", "{1ED15262-D6FE-4D5F-8191-6760508D26A5}"
EndProject
Project("{FAE04EC0-301F-11D3-BF4B-00C04F79EFBC}") = "ThirdProblem", "ThirdProblem\ThirdProblem.csproj", "{9117CBC6-3CE8-4500-AD06-3EC226951832}"
EndProject
Global
	GlobalSection(SolutionConfigurationPlatforms) = preSolution
		Debug|Any CPU = Debug|Any CPU
		Release|Any CPU = Release|Any CPU
	EndGlobalSection
	GlobalSection(ProjectConfigurationPlatforms) = postSolution
		{65B5ECD6-4B90-4571-9C52-112423D18987}.Debug|Any CPU.ActiveCfg = Debug|Any CPU
		{65B5ECD6-4B90-4571-9C52-112423D18987}.Debug|Any CPU.Build.0 = Debug|Any CPU
		{65B5ECD6-4B90-4571-9C52-112423D18987}.Release|Any CPU.ActiveCfg = Release|Any CPU
		{65B5ECD6-4B90-4571-9C52-112423D18987}.Release|Any CPU.Build.0 = Release|Any CPU
		{1ED15262-D6FE-4D5F-8191-6760508D26A5}.Debug|Any CPU.ActiveCfg = Debug|Any CPU
		{1ED15262-D6FE-4D5F-8191-6760508D26A5}.Debug|Any CPU.Build.0 = Debug|Any CPU
		{1ED15262-D6FE-4D5F-8191-6760508D26A5}.Release|Any CPU.ActiveCfg = Release|Any CPU
		{1ED15262-D6FE-4D5F-8191-6760508D26A5}.Release|Any CPU.Build.0 = Release|Any CPU
		{9117CBC6-3CE8-4500-AD06-3EC226951832}.Debug|Any CPU.ActiveCfg = Debug|Any CPU
		{9117CBC6-3CE8-4500-AD06-3EC226951832}.Debug|Any CPU.Build.0 = Debug|Any CPU
		{9117CBC6-3CE8-4500-AD06-3EC226951832}.Release|Any CPU.ActiveCfg = Release|Any CPU
		{9117CBC6-3CE8-4500-AD06-3EC226951832}.Release|Any CPU.Build.0 = Release|Any CPU
	EndGlobalSection
EndGlobal
