
Microsoft Visual Studio Solution File, Format Version 12.00
Project("{FAE04EC0-301F-11D3-BF4B-00C04F79EFBC}") = "SortEvenNumbers", "SortEvenNumbers\SortEvenNumbers.csproj", "{9B7C76CC-A5FA-4700-9D81-9BC8086AEE10}"
EndProject
Project("{FAE04EC0-301F-11D3-BF4B-00C04F79EFBC}") = "SumNumbers", "SumNumbers\SumNumbers.csproj", "{5E07953B-672D-402D-A378-4B85DD4D652E}"
EndProject
Project("{FAE04EC0-301F-11D3-BF4B-00C04F79EFBC}") = "CountUppercaseWords", "CountUppercaseWords\CountUppercaseWords.csproj", "{5E2C701C-D2DD-4CA2-8C56-BD5ABE8CDDAA}"
EndProject
Project("{FAE04EC0-301F-11D3-BF4B-00C04F79EFBC}") = "AddVAT", "AddVAT\AddVAT.csproj", "{EC93E03B-5B45-4915-B0E9-0A2EC7496371}"
EndProject
Project("{FAE04EC0-301F-11D3-BF4B-00C04F79EFBC}") = "FilterByAge", "FilterByAge\FilterByAge.csproj", "{06B3C18D-21F0-4878-88D7-8415CD89BFC4}"
EndProject
Project("{FAE04EC0-301F-11D3-BF4B-00C04F79EFBC}") = "ActionPoint", "ActionPoint\ActionPoint.csproj", "{EBD8D56B-8B9D-4C40-B8A1-EE5654872E0D}"
EndProject
Project("{FAE04EC0-301F-11D3-BF4B-00C04F79EFBC}") = "KnightsOfHonor", "KnightsOfHonor\KnightsOfHonor.csproj", "{F07209C9-34A0-4210-AD10-8BC932E37FFE}"
EndProject
Project("{FAE04EC0-301F-11D3-BF4B-00C04F79EFBC}") = "CustomMinFunction", "CustomMinFunction\CustomMinFunction.csproj", "{0EE180CA-FC21-4347-999B-CEFB2793C9EC}"
EndProject
Global
	GlobalSection(SolutionConfigurationPlatforms) = preSolution
		Debug|Any CPU = Debug|Any CPU
		Release|Any CPU = Release|Any CPU
	EndGlobalSection
	GlobalSection(ProjectConfigurationPlatforms) = postSolution
		{9B7C76CC-A5FA-4700-9D81-9BC8086AEE10}.Debug|Any CPU.ActiveCfg = Debug|Any CPU
		{9B7C76CC-A5FA-4700-9D81-9BC8086AEE10}.Debug|Any CPU.Build.0 = Debug|Any CPU
		{9B7C76CC-A5FA-4700-9D81-9BC8086AEE10}.Release|Any CPU.ActiveCfg = Release|Any CPU
		{9B7C76CC-A5FA-4700-9D81-9BC8086AEE10}.Release|Any CPU.Build.0 = Release|Any CPU
		{5E07953B-672D-402D-A378-4B85DD4D652E}.Debug|Any CPU.ActiveCfg = Debug|Any CPU
		{5E07953B-672D-402D-A378-4B85DD4D652E}.Debug|Any CPU.Build.0 = Debug|Any CPU
		{5E07953B-672D-402D-A378-4B85DD4D652E}.Release|Any CPU.ActiveCfg = Release|Any CPU
		{5E07953B-672D-402D-A378-4B85DD4D652E}.Release|Any CPU.Build.0 = Release|Any CPU
		{5E2C701C-D2DD-4CA2-8C56-BD5ABE8CDDAA}.Debug|Any CPU.ActiveCfg = Debug|Any CPU
		{5E2C701C-D2DD-4CA2-8C56-BD5ABE8CDDAA}.Debug|Any CPU.Build.0 = Debug|Any CPU
		{5E2C701C-D2DD-4CA2-8C56-BD5ABE8CDDAA}.Release|Any CPU.ActiveCfg = Release|Any CPU
		{5E2C701C-D2DD-4CA2-8C56-BD5ABE8CDDAA}.Release|Any CPU.Build.0 = Release|Any CPU
		{EC93E03B-5B45-4915-B0E9-0A2EC7496371}.Debug|Any CPU.ActiveCfg = Debug|Any CPU
		{EC93E03B-5B45-4915-B0E9-0A2EC7496371}.Debug|Any CPU.Build.0 = Debug|Any CPU
		{EC93E03B-5B45-4915-B0E9-0A2EC7496371}.Release|Any CPU.ActiveCfg = Release|Any CPU
		{EC93E03B-5B45-4915-B0E9-0A2EC7496371}.Release|Any CPU.Build.0 = Release|Any CPU
		{06B3C18D-21F0-4878-88D7-8415CD89BFC4}.Debug|Any CPU.ActiveCfg = Debug|Any CPU
		{06B3C18D-21F0-4878-88D7-8415CD89BFC4}.Debug|Any CPU.Build.0 = Debug|Any CPU
		{06B3C18D-21F0-4878-88D7-8415CD89BFC4}.Release|Any CPU.ActiveCfg = Release|Any CPU
		{06B3C18D-21F0-4878-88D7-8415CD89BFC4}.Release|Any CPU.Build.0 = Release|Any CPU
		{EBD8D56B-8B9D-4C40-B8A1-EE5654872E0D}.Debug|Any CPU.ActiveCfg = Debug|Any CPU
		{EBD8D56B-8B9D-4C40-B8A1-EE5654872E0D}.Debug|Any CPU.Build.0 = Debug|Any CPU
		{EBD8D56B-8B9D-4C40-B8A1-EE5654872E0D}.Release|Any CPU.ActiveCfg = Release|Any CPU
		{EBD8D56B-8B9D-4C40-B8A1-EE5654872E0D}.Release|Any CPU.Build.0 = Release|Any CPU
		{F07209C9-34A0-4210-AD10-8BC932E37FFE}.Debug|Any CPU.ActiveCfg = Debug|Any CPU
		{F07209C9-34A0-4210-AD10-8BC932E37FFE}.Debug|Any CPU.Build.0 = Debug|Any CPU
		{F07209C9-34A0-4210-AD10-8BC932E37FFE}.Release|Any CPU.ActiveCfg = Release|Any CPU
		{F07209C9-34A0-4210-AD10-8BC932E37FFE}.Release|Any CPU.Build.0 = Release|Any CPU
		{0EE180CA-FC21-4347-999B-CEFB2793C9EC}.Debug|Any CPU.ActiveCfg = Debug|Any CPU
		{0EE180CA-FC21-4347-999B-CEFB2793C9EC}.Debug|Any CPU.Build.0 = Debug|Any CPU
		{0EE180CA-FC21-4347-999B-CEFB2793C9EC}.Release|Any CPU.ActiveCfg = Release|Any CPU
		{0EE180CA-FC21-4347-999B-CEFB2793C9EC}.Release|Any CPU.Build.0 = Release|Any CPU
	EndGlobalSection
EndGlobal
