
Microsoft Visual Studio Solution File, Format Version 12.00
Project("{FAE04EC0-301F-11D3-BF4B-00C04F79EFBC}") = "SortEvenNumbers", "SortEvenNumbers\SortEvenNumbers.csproj", "{9B7C76CC-A5FA-4700-9D81-9BC8086AEE10}"
EndProject
Project("{FAE04EC0-301F-11D3-BF4B-00C04F79EFBC}") = "SumNumbers", "SumNumbers\SumNumbers.csproj", "{5E07953B-672D-402D-A378-4B85DD4D652E}"
EndProject
Global
	GlobalSection(SolutionConfigurationPlatforms) = preSolution
		Debug|Any CPU = Debug|Any CPU
		Release|Any CPU = Release|Any CPU
	EndGlobalSection
	GlobalSection(ProjectConfigurationPlatforms) = postSolution
		{9B7C76CC-A5FA-4700-9D81-9BC8086AEE10}.Debug|Any CPU.ActiveCfg = Debug|Any CPU
		{9B7C76CC-A5FA-4700-9D81-9BC8086AEE10}.Debug|Any CPU.Build.0 = Debug|Any CPU
		{9B7C76CC-A5FA-4700-9D81-9BC8086AEE10}.Release|Any CPU.ActiveCfg = Release|Any CPU
		{9B7C76CC-A5FA-4700-9D81-9BC8086AEE10}.Release|Any CPU.Build.0 = Release|Any CPU
		{5E07953B-672D-402D-A378-4B85DD4D652E}.Debug|Any CPU.ActiveCfg = Debug|Any CPU
		{5E07953B-672D-402D-A378-4B85DD4D652E}.Debug|Any CPU.Build.0 = Debug|Any CPU
		{5E07953B-672D-402D-A378-4B85DD4D652E}.Release|Any CPU.ActiveCfg = Release|Any CPU
		{5E07953B-672D-402D-A378-4B85DD4D652E}.Release|Any CPU.Build.0 = Release|Any CPU
	EndGlobalSection
EndGlobal
