
Microsoft Visual Studio Solution File, Format Version 12.00
# Visual Studio Version 16
VisualStudioVersion = 16.0.31105.61
MinimumVisualStudioVersion = 10.0.40219.1
Project("{9A19103F-16F7-4668-BE54-9A1E7A4F7556}") = "Skeleton.Tests", "Skeleton.Tests\Skeleton.Tests.csproj", "{5684BAF0-B78E-40E8-9A8B-9BEFD244B3AD}"
EndProject
Project("{9A19103F-16F7-4668-BE54-9A1E7A4F7556}") = "Skeleton", "Skeleton\Skeleton.csproj", "{DB95A019-CEDF-4AC5-ADF0-BF0CFD65E59C}"
EndProject
Global
	GlobalSection(SolutionConfigurationPlatforms) = preSolution
		Debug|Any CPU = Debug|Any CPU
		Release|Any CPU = Release|Any CPU
	EndGlobalSection
	GlobalSection(ProjectConfigurationPlatforms) = postSolution
		{5684BAF0-B78E-40E8-9A8B-9BEFD244B3AD}.Debug|Any CPU.ActiveCfg = Debug|Any CPU
		{5684BAF0-B78E-40E8-9A8B-9BEFD244B3AD}.Debug|Any CPU.Build.0 = Debug|Any CPU
		{5684BAF0-B78E-40E8-9A8B-9BEFD244B3AD}.Release|Any CPU.ActiveCfg = Release|Any CPU
		{5684BAF0-B78E-40E8-9A8B-9BEFD244B3AD}.Release|Any CPU.Build.0 = Release|Any CPU
		{DB95A019-CEDF-4AC5-ADF0-BF0CFD65E59C}.Debug|Any CPU.ActiveCfg = Debug|Any CPU
		{DB95A019-CEDF-4AC5-ADF0-BF0CFD65E59C}.Debug|Any CPU.Build.0 = Debug|Any CPU
		{DB95A019-CEDF-4AC5-ADF0-BF0CFD65E59C}.Release|Any CPU.ActiveCfg = Release|Any CPU
		{DB95A019-CEDF-4AC5-ADF0-BF0CFD65E59C}.Release|Any CPU.Build.0 = Release|Any CPU
	EndGlobalSection
	GlobalSection(SolutionProperties) = preSolution
		HideSolutionNode = FALSE
	EndGlobalSection
	GlobalSection(ExtensibilityGlobals) = postSolution
		SolutionGuid = {C9B5D2E9-049D-47C7-9B2A-2F1D08D141E4}
	EndGlobalSection
EndGlobal
