
Microsoft Visual Studio Solution File, Format Version 12.00
Project("{FAE04EC0-301F-11D3-BF4B-00C04F79EFBC}") = "CountSameValuesInArray", "CountSameValuesInArray\CountSameValuesInArray.csproj", "{096FC0A4-0EB6-4E9B-954C-DA095B16B083}"
EndProject
Project("{FAE04EC0-301F-11D3-BF4B-00C04F79EFBC}") = "AverageStudentGrades", "AverageStudentGrades\AverageStudentGrades.csproj", "{DC75DAF0-C9FC-45A5-A6D3-A4579B2BA5A3}"
EndProject
Project("{FAE04EC0-301F-11D3-BF4B-00C04F79EFBC}") = "ProductShop", "ProductShop\ProductShop.csproj", "{EB0ACB7D-CD22-45AC-A108-9EC2E1664CB9}"
EndProject
Project("{FAE04EC0-301F-11D3-BF4B-00C04F79EFBC}") = "CitiesByContinentAndCountry", "CitiesByContinentAndCountry\CitiesByContinentAndCountry.csproj", "{1019EE63-6BE5-4E41-B009-FA2BB446259C}"
EndProject
Project("{FAE04EC0-301F-11D3-BF4B-00C04F79EFBC}") = "RecordUniqueNames", "RecordUniqueNames\RecordUniqueNames.csproj", "{04602818-936C-497D-BBE6-8836570FBA7B}"
EndProject
Project("{FAE04EC0-301F-11D3-BF4B-00C04F79EFBC}") = "ParkingLot", "ParkingLot\ParkingLot.csproj", "{074309B1-0F34-4F4E-A0BA-C4604551406B}"
EndProject
Project("{FAE04EC0-301F-11D3-BF4B-00C04F79EFBC}") = "SoftUniParty", "SoftUniParty\SoftUniParty.csproj", "{1F663081-30BC-48AC-8E16-3D3457E277C7}"
EndProject
Global
	GlobalSection(SolutionConfigurationPlatforms) = preSolution
		Debug|Any CPU = Debug|Any CPU
		Release|Any CPU = Release|Any CPU
	EndGlobalSection
	GlobalSection(ProjectConfigurationPlatforms) = postSolution
		{096FC0A4-0EB6-4E9B-954C-DA095B16B083}.Debug|Any CPU.ActiveCfg = Debug|Any CPU
		{096FC0A4-0EB6-4E9B-954C-DA095B16B083}.Debug|Any CPU.Build.0 = Debug|Any CPU
		{096FC0A4-0EB6-4E9B-954C-DA095B16B083}.Release|Any CPU.ActiveCfg = Release|Any CPU
		{096FC0A4-0EB6-4E9B-954C-DA095B16B083}.Release|Any CPU.Build.0 = Release|Any CPU
		{DC75DAF0-C9FC-45A5-A6D3-A4579B2BA5A3}.Debug|Any CPU.ActiveCfg = Debug|Any CPU
		{DC75DAF0-C9FC-45A5-A6D3-A4579B2BA5A3}.Debug|Any CPU.Build.0 = Debug|Any CPU
		{DC75DAF0-C9FC-45A5-A6D3-A4579B2BA5A3}.Release|Any CPU.ActiveCfg = Release|Any CPU
		{DC75DAF0-C9FC-45A5-A6D3-A4579B2BA5A3}.Release|Any CPU.Build.0 = Release|Any CPU
		{EB0ACB7D-CD22-45AC-A108-9EC2E1664CB9}.Debug|Any CPU.ActiveCfg = Debug|Any CPU
		{EB0ACB7D-CD22-45AC-A108-9EC2E1664CB9}.Debug|Any CPU.Build.0 = Debug|Any CPU
		{EB0ACB7D-CD22-45AC-A108-9EC2E1664CB9}.Release|Any CPU.ActiveCfg = Release|Any CPU
		{EB0ACB7D-CD22-45AC-A108-9EC2E1664CB9}.Release|Any CPU.Build.0 = Release|Any CPU
		{1019EE63-6BE5-4E41-B009-FA2BB446259C}.Debug|Any CPU.ActiveCfg = Debug|Any CPU
		{1019EE63-6BE5-4E41-B009-FA2BB446259C}.Debug|Any CPU.Build.0 = Debug|Any CPU
		{1019EE63-6BE5-4E41-B009-FA2BB446259C}.Release|Any CPU.ActiveCfg = Release|Any CPU
		{1019EE63-6BE5-4E41-B009-FA2BB446259C}.Release|Any CPU.Build.0 = Release|Any CPU
		{04602818-936C-497D-BBE6-8836570FBA7B}.Debug|Any CPU.ActiveCfg = Debug|Any CPU
		{04602818-936C-497D-BBE6-8836570FBA7B}.Debug|Any CPU.Build.0 = Debug|Any CPU
		{04602818-936C-497D-BBE6-8836570FBA7B}.Release|Any CPU.ActiveCfg = Release|Any CPU
		{04602818-936C-497D-BBE6-8836570FBA7B}.Release|Any CPU.Build.0 = Release|Any CPU
		{074309B1-0F34-4F4E-A0BA-C4604551406B}.Debug|Any CPU.ActiveCfg = Debug|Any CPU
		{074309B1-0F34-4F4E-A0BA-C4604551406B}.Debug|Any CPU.Build.0 = Debug|Any CPU
		{074309B1-0F34-4F4E-A0BA-C4604551406B}.Release|Any CPU.ActiveCfg = Release|Any CPU
		{074309B1-0F34-4F4E-A0BA-C4604551406B}.Release|Any CPU.Build.0 = Release|Any CPU
		{1F663081-30BC-48AC-8E16-3D3457E277C7}.Debug|Any CPU.ActiveCfg = Debug|Any CPU
		{1F663081-30BC-48AC-8E16-3D3457E277C7}.Debug|Any CPU.Build.0 = Debug|Any CPU
		{1F663081-30BC-48AC-8E16-3D3457E277C7}.Release|Any CPU.ActiveCfg = Release|Any CPU
		{1F663081-30BC-48AC-8E16-3D3457E277C7}.Release|Any CPU.Build.0 = Release|Any CPU
	EndGlobalSection
EndGlobal
