
Microsoft Visual Studio Solution File, Format Version 12.00
Project("{FAE04EC0-301F-11D3-BF4B-00C04F79EFBC}") = "CarManufacturer", "CarManufacturer\CarManufacturer.csproj", "{82047933-E2EB-4617-B285-1020C0819511}"
EndProject
Project("{FAE04EC0-301F-11D3-BF4B-00C04F79EFBC}") = "CarExtension", "CarExtension\CarExtension.csproj", "{BB18469A-AEE6-4D9F-8F42-D9C70EA03E37}"
EndProject
Project("{FAE04EC0-301F-11D3-BF4B-00C04F79EFBC}") = "DefineAClassPerson", "DefineAClassPerson\DefineAClassPerson.csproj", "{31D5390F-045D-404E-B5BB-49164EA739F6}"
EndProject
Project("{FAE04EC0-301F-11D3-BF4B-00C04F79EFBC}") = "CreatingConstructors", "CreatingConstructors\CreatingConstructors.csproj", "{82D56A75-6AA2-4DEE-B65C-5BC74A448A56}"
EndProject
Project("{FAE04EC0-301F-11D3-BF4B-00C04F79EFBC}") = "OldestFamilyMember", "OldestFamilyMember\OldestFamilyMember.csproj", "{B83ACFC4-D145-4051-982C-671E099068A2}"
EndProject
Project("{FAE04EC0-301F-11D3-BF4B-00C04F79EFBC}") = "OpinionPoll", "OpinionPoll\OpinionPoll.csproj", "{CF4B3C9E-50CA-4547-96C5-F143A4CAB157}"
EndProject
Project("{FAE04EC0-301F-11D3-BF4B-00C04F79EFBC}") = "DateModifier", "DateModifier\DateModifier.csproj", "{B6974523-CD2B-4E2D-8EEC-539AB97A3C94}"
EndProject
Global
	GlobalSection(SolutionConfigurationPlatforms) = preSolution
		Debug|Any CPU = Debug|Any CPU
		Release|Any CPU = Release|Any CPU
	EndGlobalSection
	GlobalSection(ProjectConfigurationPlatforms) = postSolution
		{82047933-E2EB-4617-B285-1020C0819511}.Debug|Any CPU.ActiveCfg = Debug|Any CPU
		{82047933-E2EB-4617-B285-1020C0819511}.Debug|Any CPU.Build.0 = Debug|Any CPU
		{82047933-E2EB-4617-B285-1020C0819511}.Release|Any CPU.ActiveCfg = Release|Any CPU
		{82047933-E2EB-4617-B285-1020C0819511}.Release|Any CPU.Build.0 = Release|Any CPU
		{BB18469A-AEE6-4D9F-8F42-D9C70EA03E37}.Debug|Any CPU.ActiveCfg = Debug|Any CPU
		{BB18469A-AEE6-4D9F-8F42-D9C70EA03E37}.Debug|Any CPU.Build.0 = Debug|Any CPU
		{BB18469A-AEE6-4D9F-8F42-D9C70EA03E37}.Release|Any CPU.ActiveCfg = Release|Any CPU
		{BB18469A-AEE6-4D9F-8F42-D9C70EA03E37}.Release|Any CPU.Build.0 = Release|Any CPU
		{31D5390F-045D-404E-B5BB-49164EA739F6}.Debug|Any CPU.ActiveCfg = Debug|Any CPU
		{31D5390F-045D-404E-B5BB-49164EA739F6}.Debug|Any CPU.Build.0 = Debug|Any CPU
		{31D5390F-045D-404E-B5BB-49164EA739F6}.Release|Any CPU.ActiveCfg = Release|Any CPU
		{31D5390F-045D-404E-B5BB-49164EA739F6}.Release|Any CPU.Build.0 = Release|Any CPU
		{82D56A75-6AA2-4DEE-B65C-5BC74A448A56}.Debug|Any CPU.ActiveCfg = Debug|Any CPU
		{82D56A75-6AA2-4DEE-B65C-5BC74A448A56}.Debug|Any CPU.Build.0 = Debug|Any CPU
		{82D56A75-6AA2-4DEE-B65C-5BC74A448A56}.Release|Any CPU.ActiveCfg = Release|Any CPU
		{82D56A75-6AA2-4DEE-B65C-5BC74A448A56}.Release|Any CPU.Build.0 = Release|Any CPU
		{B83ACFC4-D145-4051-982C-671E099068A2}.Debug|Any CPU.ActiveCfg = Debug|Any CPU
		{B83ACFC4-D145-4051-982C-671E099068A2}.Debug|Any CPU.Build.0 = Debug|Any CPU
		{B83ACFC4-D145-4051-982C-671E099068A2}.Release|Any CPU.ActiveCfg = Release|Any CPU
		{B83ACFC4-D145-4051-982C-671E099068A2}.Release|Any CPU.Build.0 = Release|Any CPU
		{CF4B3C9E-50CA-4547-96C5-F143A4CAB157}.Debug|Any CPU.ActiveCfg = Debug|Any CPU
		{CF4B3C9E-50CA-4547-96C5-F143A4CAB157}.Debug|Any CPU.Build.0 = Debug|Any CPU
		{CF4B3C9E-50CA-4547-96C5-F143A4CAB157}.Release|Any CPU.ActiveCfg = Release|Any CPU
		{CF4B3C9E-50CA-4547-96C5-F143A4CAB157}.Release|Any CPU.Build.0 = Release|Any CPU
		{B6974523-CD2B-4E2D-8EEC-539AB97A3C94}.Debug|Any CPU.ActiveCfg = Debug|Any CPU
		{B6974523-CD2B-4E2D-8EEC-539AB97A3C94}.Debug|Any CPU.Build.0 = Debug|Any CPU
		{B6974523-CD2B-4E2D-8EEC-539AB97A3C94}.Release|Any CPU.ActiveCfg = Release|Any CPU
		{B6974523-CD2B-4E2D-8EEC-539AB97A3C94}.Release|Any CPU.Build.0 = Release|Any CPU
	EndGlobalSection
EndGlobal
