
Microsoft Visual Studio Solution File, Format Version 12.00
Project("{FAE04EC0-301F-11D3-BF4B-00C04F79EFBC}") = "Cooking", "Cooking\Cooking.csproj", "{DE8BFA96-F010-4C42-AAE9-589074E49A81}"
EndProject
Project("{FAE04EC0-301F-11D3-BF4B-00C04F79EFBC}") = "Selling", "Selling\Selling.csproj", "{934AFDF5-28D2-4B97-B578-57B85ED4BFB6}"
EndProject
Project("{FAE04EC0-301F-11D3-BF4B-00C04F79EFBC}") = "Openning", "Openning\Openning.csproj", "{F312FDA7-9E96-4BC7-8E88-A4A8E5D1C4AF}"
EndProject
Project("{FAE04EC0-301F-11D3-BF4B-00C04F79EFBC}") = "Scheduling", "Scheduling\Scheduling.csproj", "{5F119EF6-3969-4222-A352-2361236ADD2C}"
EndProject
Project("{FAE04EC0-301F-11D3-BF4B-00C04F79EFBC}") = "Garden", "Garden\Garden.csproj", "{461D4E5E-00E2-4BB0-91C2-08DA49FB0DC8}"
EndProject
Global
	GlobalSection(SolutionConfigurationPlatforms) = preSolution
		Debug|Any CPU = Debug|Any CPU
		Release|Any CPU = Release|Any CPU
	EndGlobalSection
	GlobalSection(ProjectConfigurationPlatforms) = postSolution
		{DE8BFA96-F010-4C42-AAE9-589074E49A81}.Debug|Any CPU.ActiveCfg = Debug|Any CPU
		{DE8BFA96-F010-4C42-AAE9-589074E49A81}.Debug|Any CPU.Build.0 = Debug|Any CPU
		{DE8BFA96-F010-4C42-AAE9-589074E49A81}.Release|Any CPU.ActiveCfg = Release|Any CPU
		{DE8BFA96-F010-4C42-AAE9-589074E49A81}.Release|Any CPU.Build.0 = Release|Any CPU
		{934AFDF5-28D2-4B97-B578-57B85ED4BFB6}.Debug|Any CPU.ActiveCfg = Debug|Any CPU
		{934AFDF5-28D2-4B97-B578-57B85ED4BFB6}.Debug|Any CPU.Build.0 = Debug|Any CPU
		{934AFDF5-28D2-4B97-B578-57B85ED4BFB6}.Release|Any CPU.ActiveCfg = Release|Any CPU
		{934AFDF5-28D2-4B97-B578-57B85ED4BFB6}.Release|Any CPU.Build.0 = Release|Any CPU
		{F312FDA7-9E96-4BC7-8E88-A4A8E5D1C4AF}.Debug|Any CPU.ActiveCfg = Debug|Any CPU
		{F312FDA7-9E96-4BC7-8E88-A4A8E5D1C4AF}.Debug|Any CPU.Build.0 = Debug|Any CPU
		{F312FDA7-9E96-4BC7-8E88-A4A8E5D1C4AF}.Release|Any CPU.ActiveCfg = Release|Any CPU
		{F312FDA7-9E96-4BC7-8E88-A4A8E5D1C4AF}.Release|Any CPU.Build.0 = Release|Any CPU
		{5F119EF6-3969-4222-A352-2361236ADD2C}.Debug|Any CPU.ActiveCfg = Debug|Any CPU
		{5F119EF6-3969-4222-A352-2361236ADD2C}.Debug|Any CPU.Build.0 = Debug|Any CPU
		{5F119EF6-3969-4222-A352-2361236ADD2C}.Release|Any CPU.ActiveCfg = Release|Any CPU
		{5F119EF6-3969-4222-A352-2361236ADD2C}.Release|Any CPU.Build.0 = Release|Any CPU
		{461D4E5E-00E2-4BB0-91C2-08DA49FB0DC8}.Debug|Any CPU.ActiveCfg = Debug|Any CPU
		{461D4E5E-00E2-4BB0-91C2-08DA49FB0DC8}.Debug|Any CPU.Build.0 = Debug|Any CPU
		{461D4E5E-00E2-4BB0-91C2-08DA49FB0DC8}.Release|Any CPU.ActiveCfg = Release|Any CPU
		{461D4E5E-00E2-4BB0-91C2-08DA49FB0DC8}.Release|Any CPU.Build.0 = Release|Any CPU
	EndGlobalSection
EndGlobal
