
Microsoft Visual Studio Solution File, Format Version 12.00
Project("{FAE04EC0-301F-11D3-BF4B-00C04F79EFBC}") = "Cooking", "Cooking\Cooking.csproj", "{DE8BFA96-F010-4C42-AAE9-589074E49A81}"
EndProject
Project("{FAE04EC0-301F-11D3-BF4B-00C04F79EFBC}") = "Selling", "Selling\Selling.csproj", "{934AFDF5-28D2-4B97-B578-57B85ED4BFB6}"
EndProject
Project("{FAE04EC0-301F-11D3-BF4B-00C04F79EFBC}") = "Openning", "Openning\Openning.csproj", "{F312FDA7-9E96-4BC7-8E88-A4A8E5D1C4AF}"
EndProject
Project("{FAE04EC0-301F-11D3-BF4B-00C04F79EFBC}") = "Scheduling", "Scheduling\Scheduling.csproj", "{5F119EF6-3969-4222-A352-2361236ADD2C}"
EndProject
Project("{FAE04EC0-301F-11D3-BF4B-00C04F79EFBC}") = "Garden", "Garden\Garden.csproj", "{461D4E5E-00E2-4BB0-91C2-08DA49FB0DC8}"
EndProject
Project("{FAE04EC0-301F-11D3-BF4B-00C04F79EFBC}") = "Classroom", "Classroom\Classroom.csproj", "{B42701FB-9F6E-4B34-8FBF-656D6F20D192}"
EndProject
Project("{FAE04EC0-301F-11D3-BF4B-00C04F79EFBC}") = "FlowerWreaths", "FlowerWreaths\FlowerWreaths.csproj", "{506EF398-69EB-4F4B-8993-9830AA77C99D}"
EndProject
Project("{FAE04EC0-301F-11D3-BF4B-00C04F79EFBC}") = "Bee", "Bee\Bee.csproj", "{2F4AA146-36A0-4A97-9153-8529F9741091}"
EndProject
Project("{FAE04EC0-301F-11D3-BF4B-00C04F79EFBC}") = "VetClinic", "VetClinic\VetClinic.csproj", "{63D9DB76-1ED4-475F-B977-DD0CBDA0B0DA}"
EndProject
Project("{FAE04EC0-301F-11D3-BF4B-00C04F79EFBC}") = "Bombs", "Bombs\Bombs.csproj", "{AAE8AA44-2865-46C8-A959-F8BB3F9088D7}"
EndProject
Project("{FAE04EC0-301F-11D3-BF4B-00C04F79EFBC}") = "Snake", "Snake\Snake.csproj", "{3CA815D9-525D-43A3-9810-E6795E50FFF3}"
EndProject
Global
	GlobalSection(SolutionConfigurationPlatforms) = preSolution
		Debug|Any CPU = Debug|Any CPU
		Release|Any CPU = Release|Any CPU
	EndGlobalSection
	GlobalSection(ProjectConfigurationPlatforms) = postSolution
		{DE8BFA96-F010-4C42-AAE9-589074E49A81}.Debug|Any CPU.ActiveCfg = Debug|Any CPU
		{DE8BFA96-F010-4C42-AAE9-589074E49A81}.Debug|Any CPU.Build.0 = Debug|Any CPU
		{DE8BFA96-F010-4C42-AAE9-589074E49A81}.Release|Any CPU.ActiveCfg = Release|Any CPU
		{DE8BFA96-F010-4C42-AAE9-589074E49A81}.Release|Any CPU.Build.0 = Release|Any CPU
		{934AFDF5-28D2-4B97-B578-57B85ED4BFB6}.Debug|Any CPU.ActiveCfg = Debug|Any CPU
		{934AFDF5-28D2-4B97-B578-57B85ED4BFB6}.Debug|Any CPU.Build.0 = Debug|Any CPU
		{934AFDF5-28D2-4B97-B578-57B85ED4BFB6}.Release|Any CPU.ActiveCfg = Release|Any CPU
		{934AFDF5-28D2-4B97-B578-57B85ED4BFB6}.Release|Any CPU.Build.0 = Release|Any CPU
		{F312FDA7-9E96-4BC7-8E88-A4A8E5D1C4AF}.Debug|Any CPU.ActiveCfg = Debug|Any CPU
		{F312FDA7-9E96-4BC7-8E88-A4A8E5D1C4AF}.Debug|Any CPU.Build.0 = Debug|Any CPU
		{F312FDA7-9E96-4BC7-8E88-A4A8E5D1C4AF}.Release|Any CPU.ActiveCfg = Release|Any CPU
		{F312FDA7-9E96-4BC7-8E88-A4A8E5D1C4AF}.Release|Any CPU.Build.0 = Release|Any CPU
		{5F119EF6-3969-4222-A352-2361236ADD2C}.Debug|Any CPU.ActiveCfg = Debug|Any CPU
		{5F119EF6-3969-4222-A352-2361236ADD2C}.Debug|Any CPU.Build.0 = Debug|Any CPU
		{5F119EF6-3969-4222-A352-2361236ADD2C}.Release|Any CPU.ActiveCfg = Release|Any CPU
		{5F119EF6-3969-4222-A352-2361236ADD2C}.Release|Any CPU.Build.0 = Release|Any CPU
		{461D4E5E-00E2-4BB0-91C2-08DA49FB0DC8}.Debug|Any CPU.ActiveCfg = Debug|Any CPU
		{461D4E5E-00E2-4BB0-91C2-08DA49FB0DC8}.Debug|Any CPU.Build.0 = Debug|Any CPU
		{461D4E5E-00E2-4BB0-91C2-08DA49FB0DC8}.Release|Any CPU.ActiveCfg = Release|Any CPU
		{461D4E5E-00E2-4BB0-91C2-08DA49FB0DC8}.Release|Any CPU.Build.0 = Release|Any CPU
		{B42701FB-9F6E-4B34-8FBF-656D6F20D192}.Debug|Any CPU.ActiveCfg = Debug|Any CPU
		{B42701FB-9F6E-4B34-8FBF-656D6F20D192}.Debug|Any CPU.Build.0 = Debug|Any CPU
		{B42701FB-9F6E-4B34-8FBF-656D6F20D192}.Release|Any CPU.ActiveCfg = Release|Any CPU
		{B42701FB-9F6E-4B34-8FBF-656D6F20D192}.Release|Any CPU.Build.0 = Release|Any CPU
		{506EF398-69EB-4F4B-8993-9830AA77C99D}.Debug|Any CPU.ActiveCfg = Debug|Any CPU
		{506EF398-69EB-4F4B-8993-9830AA77C99D}.Debug|Any CPU.Build.0 = Debug|Any CPU
		{506EF398-69EB-4F4B-8993-9830AA77C99D}.Release|Any CPU.ActiveCfg = Release|Any CPU
		{506EF398-69EB-4F4B-8993-9830AA77C99D}.Release|Any CPU.Build.0 = Release|Any CPU
		{2F4AA146-36A0-4A97-9153-8529F9741091}.Debug|Any CPU.ActiveCfg = Debug|Any CPU
		{2F4AA146-36A0-4A97-9153-8529F9741091}.Debug|Any CPU.Build.0 = Debug|Any CPU
		{2F4AA146-36A0-4A97-9153-8529F9741091}.Release|Any CPU.ActiveCfg = Release|Any CPU
		{2F4AA146-36A0-4A97-9153-8529F9741091}.Release|Any CPU.Build.0 = Release|Any CPU
		{63D9DB76-1ED4-475F-B977-DD0CBDA0B0DA}.Debug|Any CPU.ActiveCfg = Debug|Any CPU
		{63D9DB76-1ED4-475F-B977-DD0CBDA0B0DA}.Debug|Any CPU.Build.0 = Debug|Any CPU
		{63D9DB76-1ED4-475F-B977-DD0CBDA0B0DA}.Release|Any CPU.ActiveCfg = Release|Any CPU
		{63D9DB76-1ED4-475F-B977-DD0CBDA0B0DA}.Release|Any CPU.Build.0 = Release|Any CPU
		{AAE8AA44-2865-46C8-A959-F8BB3F9088D7}.Debug|Any CPU.ActiveCfg = Debug|Any CPU
		{AAE8AA44-2865-46C8-A959-F8BB3F9088D7}.Debug|Any CPU.Build.0 = Debug|Any CPU
		{AAE8AA44-2865-46C8-A959-F8BB3F9088D7}.Release|Any CPU.ActiveCfg = Release|Any CPU
		{AAE8AA44-2865-46C8-A959-F8BB3F9088D7}.Release|Any CPU.Build.0 = Release|Any CPU
		{3CA815D9-525D-43A3-9810-E6795E50FFF3}.Debug|Any CPU.ActiveCfg = Debug|Any CPU
		{3CA815D9-525D-43A3-9810-E6795E50FFF3}.Debug|Any CPU.Build.0 = Debug|Any CPU
		{3CA815D9-525D-43A3-9810-E6795E50FFF3}.Release|Any CPU.ActiveCfg = Release|Any CPU
		{3CA815D9-525D-43A3-9810-E6795E50FFF3}.Release|Any CPU.Build.0 = Release|Any CPU
	EndGlobalSection
EndGlobal
